
Microsoft Visual Studio Solution File, Format Version 12.00
# Visual Studio 15
VisualStudioVersion = 15.0.28307.705
MinimumVisualStudioVersion = 10.0.40219.1
Project("{FAE04EC0-301F-11D3-BF4B-00C04F79EFBC}") = "Json.NET.Practice", "Json.NET.Practice\Json.NET.Practice.csproj", "{317DE5A6-5614-4803-AAFC-D3F3242BC30E}"
EndProject
Project("{9A19103F-16F7-4668-BE54-9A1E7A4F7556}") = "Newtonsoft.Json", "Newtonsoft.Json\Source\Src\Newtonsoft.Json\Newtonsoft.Json.csproj", "{C89E67D4-B5BB-4B4E-BCF4-8553E65D305B}"
EndProject
Project("{9A19103F-16F7-4668-BE54-9A1E7A4F7556}") = "Newtonsoft.Json.TestConsole", "Newtonsoft.Json\Source\Src\Newtonsoft.Json.TestConsole\Newtonsoft.Json.TestConsole.csproj", "{E08609BD-C933-4806-997B-DF402A9B5527}"
EndProject
Project("{9A19103F-16F7-4668-BE54-9A1E7A4F7556}") = "Newtonsoft.Json.Tests", "Newtonsoft.Json\Source\Src\Newtonsoft.Json.Tests\Newtonsoft.Json.Tests.csproj", "{A030A52F-768A-41BF-9AEB-5BA06BD2E6B3}"
EndProject
Global
	GlobalSection(SolutionConfigurationPlatforms) = preSolution
		Debug|Any CPU = Debug|Any CPU
		Release|Any CPU = Release|Any CPU
	EndGlobalSection
	GlobalSection(ProjectConfigurationPlatforms) = postSolution
		{317DE5A6-5614-4803-AAFC-D3F3242BC30E}.Debug|Any CPU.ActiveCfg = Debug|Any CPU
		{317DE5A6-5614-4803-AAFC-D3F3242BC30E}.Debug|Any CPU.Build.0 = Debug|Any CPU
		{317DE5A6-5614-4803-AAFC-D3F3242BC30E}.Release|Any CPU.ActiveCfg = Release|Any CPU
		{317DE5A6-5614-4803-AAFC-D3F3242BC30E}.Release|Any CPU.Build.0 = Release|Any CPU
		{C89E67D4-B5BB-4B4E-BCF4-8553E65D305B}.Debug|Any CPU.ActiveCfg = Debug|Any CPU
		{C89E67D4-B5BB-4B4E-BCF4-8553E65D305B}.Debug|Any CPU.Build.0 = Debug|Any CPU
		{C89E67D4-B5BB-4B4E-BCF4-8553E65D305B}.Release|Any CPU.ActiveCfg = Release|Any CPU
		{C89E67D4-B5BB-4B4E-BCF4-8553E65D305B}.Release|Any CPU.Build.0 = Release|Any CPU
		{E08609BD-C933-4806-997B-DF402A9B5527}.Debug|Any CPU.ActiveCfg = Debug|Any CPU
		{E08609BD-C933-4806-997B-DF402A9B5527}.Debug|Any CPU.Build.0 = Debug|Any CPU
		{E08609BD-C933-4806-997B-DF402A9B5527}.Release|Any CPU.ActiveCfg = Release|Any CPU
		{E08609BD-C933-4806-997B-DF402A9B5527}.Release|Any CPU.Build.0 = Release|Any CPU
		{A030A52F-768A-41BF-9AEB-5BA06BD2E6B3}.Debug|Any CPU.ActiveCfg = Debug|Any CPU
		{A030A52F-768A-41BF-9AEB-5BA06BD2E6B3}.Debug|Any CPU.Build.0 = Debug|Any CPU
		{A030A52F-768A-41BF-9AEB-5BA06BD2E6B3}.Release|Any CPU.ActiveCfg = Release|Any CPU
		{A030A52F-768A-41BF-9AEB-5BA06BD2E6B3}.Release|Any CPU.Build.0 = Release|Any CPU
	EndGlobalSection
	GlobalSection(SolutionProperties) = preSolution
		HideSolutionNode = FALSE
	EndGlobalSection
	GlobalSection(ExtensibilityGlobals) = postSolution
		SolutionGuid = {15B4245D-1DD5-476C-AB7A-F3A35B7F2B21}
	EndGlobalSection
EndGlobal
