
Microsoft Visual Studio Solution File, Format Version 12.00
# Visual Studio 15
VisualStudioVersion = 15.0.28307.705
MinimumVisualStudioVersion = 10.0.40219.1
Project("{9A19103F-16F7-4668-BE54-9A1E7A4F7556}") = "Newtonsoft.Json", "..\Json120r2\Source\Src\Newtonsoft.Json\Newtonsoft.Json.csproj", "{2A7116AF-DBC9-4053-817E-25219F3E5355}"
EndProject
Project("{FAE04EC0-301F-11D3-BF4B-00C04F79EFBC}") = "Json.NET.Practice", "Json.NET.Practice.csproj", "{317DE5A6-5614-4803-AAFC-D3F3242BC30E}"
EndProject
Global
	GlobalSection(SolutionConfigurationPlatforms) = preSolution
		Debug|Any CPU = Debug|Any CPU
		Release|Any CPU = Release|Any CPU
	EndGlobalSection
	GlobalSection(ProjectConfigurationPlatforms) = postSolution
		{2A7116AF-DBC9-4053-817E-25219F3E5355}.Debug|Any CPU.ActiveCfg = Debug|Any CPU
		{2A7116AF-DBC9-4053-817E-25219F3E5355}.Debug|Any CPU.Build.0 = Debug|Any CPU
		{2A7116AF-DBC9-4053-817E-25219F3E5355}.Release|Any CPU.ActiveCfg = Release|Any CPU
		{2A7116AF-DBC9-4053-817E-25219F3E5355}.Release|Any CPU.Build.0 = Release|Any CPU
		{317DE5A6-5614-4803-AAFC-D3F3242BC30E}.Debug|Any CPU.ActiveCfg = Debug|Any CPU
		{317DE5A6-5614-4803-AAFC-D3F3242BC30E}.Debug|Any CPU.Build.0 = Debug|Any CPU
		{317DE5A6-5614-4803-AAFC-D3F3242BC30E}.Release|Any CPU.ActiveCfg = Release|Any CPU
		{317DE5A6-5614-4803-AAFC-D3F3242BC30E}.Release|Any CPU.Build.0 = Release|Any CPU
	EndGlobalSection
	GlobalSection(SolutionProperties) = preSolution
		HideSolutionNode = FALSE
	EndGlobalSection
	GlobalSection(ExtensibilityGlobals) = postSolution
		SolutionGuid = {15B4245D-1DD5-476C-AB7A-F3A35B7F2B21}
	EndGlobalSection
EndGlobal
